// !$*UTF8*$!
{
	archiveVersion = 1;
	classes = {
	};
	objectVersion = 60;
	objects = {

/* Begin PBXBuildFile section */
		C2154B692BC5F89700583CCC /* QuantityControlPresenter.swift in Sources */ = {isa = PBXBuildFile; fileRef = C2154B682BC5F89700583CCC /* QuantityControlPresenter.swift */; };
		C2154B6B2BC6011500583CCC /* QuantityControlInteractor.swift in Sources */ = {isa = PBXBuildFile; fileRef = C2154B6A2BC6011500583CCC /* QuantityControlInteractor.swift */; };
		C22A0DB22BC6B88E00C8F067 /* ProductCell.swift in Sources */ = {isa = PBXBuildFile; fileRef = C22A0DB12BC6B88E00C8F067 /* ProductCell.swift */; };
		C22A0DB42BC6C34200C8F067 /* ListingViewController.swift in Sources */ = {isa = PBXBuildFile; fileRef = C22A0DB32BC6C34200C8F067 /* ListingViewController.swift */; };
		C22A0DB62BC6ECBD00C8F067 /* ListingPresenter.swift in Sources */ = {isa = PBXBuildFile; fileRef = C22A0DB52BC6ECBD00C8F067 /* ListingPresenter.swift */; };
		C22A0DB82BC6EF2900C8F067 /* ListingInteractor.swift in Sources */ = {isa = PBXBuildFile; fileRef = C22A0DB72BC6EF2900C8F067 /* ListingInteractor.swift */; };
		C22A0DBC2BC6FA1F00C8F067 /* ListingBuilder.swift in Sources */ = {isa = PBXBuildFile; fileRef = C22A0DBB2BC6FA1F00C8F067 /* ListingBuilder.swift */; };
		C22A0DBE2BC6FAE800C8F067 /* ListingRouter.swift in Sources */ = {isa = PBXBuildFile; fileRef = C22A0DBD2BC6FAE800C8F067 /* ListingRouter.swift */; };
		C22A0DC02BC705AB00C8F067 /* Product.swift in Sources */ = {isa = PBXBuildFile; fileRef = C22A0DBF2BC705AB00C8F067 /* Product.swift */; };
		C2351BFC2BC59CCF0080CED9 /* AppDelegate.swift in Sources */ = {isa = PBXBuildFile; fileRef = C2351BFB2BC59CCF0080CED9 /* AppDelegate.swift */; };
		C2351BFE2BC59CCF0080CED9 /* SceneDelegate.swift in Sources */ = {isa = PBXBuildFile; fileRef = C2351BFD2BC59CCF0080CED9 /* SceneDelegate.swift */; };
		C2351C062BC59CCF0080CED9 /* GetirFinalProject.xcdatamodeld in Sources */ = {isa = PBXBuildFile; fileRef = C2351C042BC59CCF0080CED9 /* GetirFinalProject.xcdatamodeld */; };
		C2351C082BC59CD10080CED9 /* Assets.xcassets in Resources */ = {isa = PBXBuildFile; fileRef = C2351C072BC59CD10080CED9 /* Assets.xcassets */; };
		C2351C0B2BC59CD10080CED9 /* Base in Resources */ = {isa = PBXBuildFile; fileRef = C2351C0A2BC59CD10080CED9 /* Base */; };
		C2351C162BC59CD10080CED9 /* GetirFinalProjectTests.swift in Sources */ = {isa = PBXBuildFile; fileRef = C2351C152BC59CD10080CED9 /* GetirFinalProjectTests.swift */; };
		C2351C202BC59CD10080CED9 /* GetirFinalProjectUITests.swift in Sources */ = {isa = PBXBuildFile; fileRef = C2351C1F2BC59CD10080CED9 /* GetirFinalProjectUITests.swift */; };
		C2351C222BC59CD10080CED9 /* GetirFinalProjectUITestsLaunchTests.swift in Sources */ = {isa = PBXBuildFile; fileRef = C2351C212BC59CD10080CED9 /* GetirFinalProjectUITestsLaunchTests.swift */; };
		C2351C362BC5A9190080CED9 /* ProductList.swift in Sources */ = {isa = PBXBuildFile; fileRef = C2351C352BC5A9190080CED9 /* ProductList.swift */; };
		C2351C382BC5C1720080CED9 /* SuggestedProductList.swift in Sources */ = {isa = PBXBuildFile; fileRef = C2351C372BC5C1720080CED9 /* SuggestedProductList.swift */; };
		C2351C3B2BC5C5A80080CED9 /* GetirSDK in Frameworks */ = {isa = PBXBuildFile; productRef = C2351C3A2BC5C5A80080CED9 /* GetirSDK */; };
		C2351C442BC5D1290080CED9 /* SwiftAsyncNetworking in Frameworks */ = {isa = PBXBuildFile; productRef = C2351C432BC5D1290080CED9 /* SwiftAsyncNetworking */; };
		C2351C4D2BC5D64B0080CED9 /* QuantityControlView.swift in Sources */ = {isa = PBXBuildFile; fileRef = C2351C4C2BC5D64B0080CED9 /* QuantityControlView.swift */; };
		C2351C4F2BC5D7370080CED9 /* UIView+Ext.swift in Sources */ = {isa = PBXBuildFile; fileRef = C2351C4E2BC5D7370080CED9 /* UIView+Ext.swift */; };
		C2351C512BC5DABA0080CED9 /* UIColor+Ext.swift in Sources */ = {isa = PBXBuildFile; fileRef = C2351C502BC5DABA0080CED9 /* UIColor+Ext.swift */; };
		C23F06142BC82A8000D3B104 /* ProductCellPresenter.swift in Sources */ = {isa = PBXBuildFile; fileRef = C23F06132BC82A8000D3B104 /* ProductCellPresenter.swift */; };
		C23F06162BC82A8D00D3B104 /* ProductCellBuilder.swift in Sources */ = {isa = PBXBuildFile; fileRef = C23F06152BC82A8D00D3B104 /* ProductCellBuilder.swift */; };
		C23F06182BC82B5800D3B104 /* ProductCellRouter.swift in Sources */ = {isa = PBXBuildFile; fileRef = C23F06172BC82B5800D3B104 /* ProductCellRouter.swift */; };
		C23F061A2BC83FC400D3B104 /* QuantityControlRouter.swift in Sources */ = {isa = PBXBuildFile; fileRef = C23F06192BC83FC400D3B104 /* QuantityControlRouter.swift */; };
		C23F061C2BC83FCE00D3B104 /* QuantityControlBuilder.swift in Sources */ = {isa = PBXBuildFile; fileRef = C23F061B2BC83FCE00D3B104 /* QuantityControlBuilder.swift */; };
		C23F06202BCC05D100D3B104 /* Kingfisher in Frameworks */ = {isa = PBXBuildFile; productRef = C23F061F2BCC05D100D3B104 /* Kingfisher */; };
		C23F06232BCC64E000D3B104 /* ProductDetailViewController.swift in Sources */ = {isa = PBXBuildFile; fileRef = C23F06222BCC64E000D3B104 /* ProductDetailViewController.swift */; };
		C23F06252BCC7F1800D3B104 /* ProductDetailPresenter.swift in Sources */ = {isa = PBXBuildFile; fileRef = C23F06242BCC7F1800D3B104 /* ProductDetailPresenter.swift */; };
		C23F06272BCC7F2100D3B104 /* ProductDetailInteractor.swift in Sources */ = {isa = PBXBuildFile; fileRef = C23F06262BCC7F2100D3B104 /* ProductDetailInteractor.swift */; };
		C23F06292BCC7F3200D3B104 /* ProductDetailBuilder.swift in Sources */ = {isa = PBXBuildFile; fileRef = C23F06282BCC7F3200D3B104 /* ProductDetailBuilder.swift */; };
		C23F062B2BCC7FF300D3B104 /* ProductDetailRouter.swift in Sources */ = {isa = PBXBuildFile; fileRef = C23F062A2BCC7FF300D3B104 /* ProductDetailRouter.swift */; };
/* End PBXBuildFile section */

/* Begin PBXContainerItemProxy section */
		C2351C122BC59CD10080CED9 /* PBXContainerItemProxy */ = {
			isa = PBXContainerItemProxy;
			containerPortal = C2351BF02BC59CCF0080CED9 /* Project object */;
			proxyType = 1;
			remoteGlobalIDString = C2351BF72BC59CCF0080CED9;
			remoteInfo = GetirFinalProject;
		};
		C2351C1C2BC59CD10080CED9 /* PBXContainerItemProxy */ = {
			isa = PBXContainerItemProxy;
			containerPortal = C2351BF02BC59CCF0080CED9 /* Project object */;
			proxyType = 1;
			remoteGlobalIDString = C2351BF72BC59CCF0080CED9;
			remoteInfo = GetirFinalProject;
		};
/* End PBXContainerItemProxy section */

/* Begin PBXFileReference section */
		C2154B682BC5F89700583CCC /* QuantityControlPresenter.swift */ = {isa = PBXFileReference; lastKnownFileType = sourcecode.swift; path = QuantityControlPresenter.swift; sourceTree = "<group>"; };
		C2154B6A2BC6011500583CCC /* QuantityControlInteractor.swift */ = {isa = PBXFileReference; lastKnownFileType = sourcecode.swift; path = QuantityControlInteractor.swift; sourceTree = "<group>"; };
		C22A0DB12BC6B88E00C8F067 /* ProductCell.swift */ = {isa = PBXFileReference; lastKnownFileType = sourcecode.swift; path = ProductCell.swift; sourceTree = "<group>"; };
		C22A0DB32BC6C34200C8F067 /* ListingViewController.swift */ = {isa = PBXFileReference; lastKnownFileType = sourcecode.swift; path = ListingViewController.swift; sourceTree = "<group>"; };
		C22A0DB52BC6ECBD00C8F067 /* ListingPresenter.swift */ = {isa = PBXFileReference; lastKnownFileType = sourcecode.swift; path = ListingPresenter.swift; sourceTree = "<group>"; };
		C22A0DB72BC6EF2900C8F067 /* ListingInteractor.swift */ = {isa = PBXFileReference; lastKnownFileType = sourcecode.swift; path = ListingInteractor.swift; sourceTree = "<group>"; };
		C22A0DBB2BC6FA1F00C8F067 /* ListingBuilder.swift */ = {isa = PBXFileReference; lastKnownFileType = sourcecode.swift; path = ListingBuilder.swift; sourceTree = "<group>"; };
		C22A0DBD2BC6FAE800C8F067 /* ListingRouter.swift */ = {isa = PBXFileReference; lastKnownFileType = sourcecode.swift; path = ListingRouter.swift; sourceTree = "<group>"; };
		C22A0DBF2BC705AB00C8F067 /* Product.swift */ = {isa = PBXFileReference; lastKnownFileType = sourcecode.swift; path = Product.swift; sourceTree = "<group>"; };
		C2351BF82BC59CCF0080CED9 /* GetirFinalProject.app */ = {isa = PBXFileReference; explicitFileType = wrapper.application; includeInIndex = 0; path = GetirFinalProject.app; sourceTree = BUILT_PRODUCTS_DIR; };
		C2351BFB2BC59CCF0080CED9 /* AppDelegate.swift */ = {isa = PBXFileReference; lastKnownFileType = sourcecode.swift; path = AppDelegate.swift; sourceTree = "<group>"; };
		C2351BFD2BC59CCF0080CED9 /* SceneDelegate.swift */ = {isa = PBXFileReference; lastKnownFileType = sourcecode.swift; path = SceneDelegate.swift; sourceTree = "<group>"; };
		C2351C052BC59CCF0080CED9 /* GetirFinalProject.xcdatamodel */ = {isa = PBXFileReference; lastKnownFileType = wrapper.xcdatamodel; path = GetirFinalProject.xcdatamodel; sourceTree = "<group>"; };
		C2351C072BC59CD10080CED9 /* Assets.xcassets */ = {isa = PBXFileReference; lastKnownFileType = folder.assetcatalog; path = Assets.xcassets; sourceTree = "<group>"; };
		C2351C0A2BC59CD10080CED9 /* Base */ = {isa = PBXFileReference; lastKnownFileType = file.storyboard; name = Base; path = Base.lproj/LaunchScreen.storyboard; sourceTree = "<group>"; };
		C2351C0C2BC59CD10080CED9 /* Info.plist */ = {isa = PBXFileReference; lastKnownFileType = text.plist.xml; path = Info.plist; sourceTree = "<group>"; };
		C2351C112BC59CD10080CED9 /* GetirFinalProjectTests.xctest */ = {isa = PBXFileReference; explicitFileType = wrapper.cfbundle; includeInIndex = 0; path = GetirFinalProjectTests.xctest; sourceTree = BUILT_PRODUCTS_DIR; };
		C2351C152BC59CD10080CED9 /* GetirFinalProjectTests.swift */ = {isa = PBXFileReference; lastKnownFileType = sourcecode.swift; path = GetirFinalProjectTests.swift; sourceTree = "<group>"; };
		C2351C1B2BC59CD10080CED9 /* GetirFinalProjectUITests.xctest */ = {isa = PBXFileReference; explicitFileType = wrapper.cfbundle; includeInIndex = 0; path = GetirFinalProjectUITests.xctest; sourceTree = BUILT_PRODUCTS_DIR; };
		C2351C1F2BC59CD10080CED9 /* GetirFinalProjectUITests.swift */ = {isa = PBXFileReference; lastKnownFileType = sourcecode.swift; path = GetirFinalProjectUITests.swift; sourceTree = "<group>"; };
		C2351C212BC59CD10080CED9 /* GetirFinalProjectUITestsLaunchTests.swift */ = {isa = PBXFileReference; lastKnownFileType = sourcecode.swift; path = GetirFinalProjectUITestsLaunchTests.swift; sourceTree = "<group>"; };
		C2351C322BC59FF70080CED9 /* SwiftAsyncNetworking */ = {isa = PBXFileReference; lastKnownFileType = wrapper; path = SwiftAsyncNetworking; sourceTree = "<group>"; };
		C2351C332BC5A1420080CED9 /* GetirSDK */ = {isa = PBXFileReference; lastKnownFileType = wrapper; path = GetirSDK; sourceTree = "<group>"; };
		C2351C352BC5A9190080CED9 /* ProductList.swift */ = {isa = PBXFileReference; lastKnownFileType = sourcecode.swift; path = ProductList.swift; sourceTree = "<group>"; };
		C2351C372BC5C1720080CED9 /* SuggestedProductList.swift */ = {isa = PBXFileReference; lastKnownFileType = sourcecode.swift; path = SuggestedProductList.swift; sourceTree = "<group>"; };
		C2351C4C2BC5D64B0080CED9 /* QuantityControlView.swift */ = {isa = PBXFileReference; lastKnownFileType = sourcecode.swift; path = QuantityControlView.swift; sourceTree = "<group>"; };
		C2351C4E2BC5D7370080CED9 /* UIView+Ext.swift */ = {isa = PBXFileReference; lastKnownFileType = sourcecode.swift; path = "UIView+Ext.swift"; sourceTree = "<group>"; };
		C2351C502BC5DABA0080CED9 /* UIColor+Ext.swift */ = {isa = PBXFileReference; lastKnownFileType = sourcecode.swift; path = "UIColor+Ext.swift"; sourceTree = "<group>"; };
		C23F06132BC82A8000D3B104 /* ProductCellPresenter.swift */ = {isa = PBXFileReference; lastKnownFileType = sourcecode.swift; path = ProductCellPresenter.swift; sourceTree = "<group>"; };
		C23F06152BC82A8D00D3B104 /* ProductCellBuilder.swift */ = {isa = PBXFileReference; lastKnownFileType = sourcecode.swift; path = ProductCellBuilder.swift; sourceTree = "<group>"; };
		C23F06172BC82B5800D3B104 /* ProductCellRouter.swift */ = {isa = PBXFileReference; lastKnownFileType = sourcecode.swift; path = ProductCellRouter.swift; sourceTree = "<group>"; };
		C23F06192BC83FC400D3B104 /* QuantityControlRouter.swift */ = {isa = PBXFileReference; lastKnownFileType = sourcecode.swift; path = QuantityControlRouter.swift; sourceTree = "<group>"; };
		C23F061B2BC83FCE00D3B104 /* QuantityControlBuilder.swift */ = {isa = PBXFileReference; lastKnownFileType = sourcecode.swift; path = QuantityControlBuilder.swift; sourceTree = "<group>"; };
		C23F06222BCC64E000D3B104 /* ProductDetailViewController.swift */ = {isa = PBXFileReference; lastKnownFileType = sourcecode.swift; path = ProductDetailViewController.swift; sourceTree = "<group>"; };
		C23F06242BCC7F1800D3B104 /* ProductDetailPresenter.swift */ = {isa = PBXFileReference; lastKnownFileType = sourcecode.swift; path = ProductDetailPresenter.swift; sourceTree = "<group>"; };
		C23F06262BCC7F2100D3B104 /* ProductDetailInteractor.swift */ = {isa = PBXFileReference; lastKnownFileType = sourcecode.swift; path = ProductDetailInteractor.swift; sourceTree = "<group>"; };
		C23F06282BCC7F3200D3B104 /* ProductDetailBuilder.swift */ = {isa = PBXFileReference; lastKnownFileType = sourcecode.swift; path = ProductDetailBuilder.swift; sourceTree = "<group>"; };
		C23F062A2BCC7FF300D3B104 /* ProductDetailRouter.swift */ = {isa = PBXFileReference; lastKnownFileType = sourcecode.swift; path = ProductDetailRouter.swift; sourceTree = "<group>"; };
/* End PBXFileReference section */

/* Begin PBXFrameworksBuildPhase section */
		C2351BF52BC59CCF0080CED9 /* Frameworks */ = {
			isa = PBXFrameworksBuildPhase;
			buildActionMask = 2147483647;
			files = (
				C23F06202BCC05D100D3B104 /* Kingfisher in Frameworks */,
				C2351C3B2BC5C5A80080CED9 /* GetirSDK in Frameworks */,
				C2351C442BC5D1290080CED9 /* SwiftAsyncNetworking in Frameworks */,
			);
			runOnlyForDeploymentPostprocessing = 0;
		};
		C2351C0E2BC59CD10080CED9 /* Frameworks */ = {
			isa = PBXFrameworksBuildPhase;
			buildActionMask = 2147483647;
			files = (
			);
			runOnlyForDeploymentPostprocessing = 0;
		};
		C2351C182BC59CD10080CED9 /* Frameworks */ = {
			isa = PBXFrameworksBuildPhase;
			buildActionMask = 2147483647;
			files = (
			);
			runOnlyForDeploymentPostprocessing = 0;
		};
/* End PBXFrameworksBuildPhase section */

/* Begin PBXGroup section */
		C22A0DAC2BC6A85A00C8F067 /* Screens */ = {
			isa = PBXGroup;
			children = (
				C22A0DAD2BC6A85E00C8F067 /* Listing */,
				C23F06212BCC64B800D3B104 /* Product Detail */,
			);
			path = Screens;
			sourceTree = "<group>";
		};
		C22A0DAD2BC6A85E00C8F067 /* Listing */ = {
			isa = PBXGroup;
			children = (
				C22A0DB32BC6C34200C8F067 /* ListingViewController.swift */,
				C22A0DB52BC6ECBD00C8F067 /* ListingPresenter.swift */,
				C22A0DB72BC6EF2900C8F067 /* ListingInteractor.swift */,
				C22A0DBD2BC6FAE800C8F067 /* ListingRouter.swift */,
				C22A0DBB2BC6FA1F00C8F067 /* ListingBuilder.swift */,
			);
			path = Listing;
			sourceTree = "<group>";
		};
		C22A0DB02BC6B86C00C8F067 /* Product Cell */ = {
			isa = PBXGroup;
			children = (
				C22A0DB12BC6B88E00C8F067 /* ProductCell.swift */,
				C23F06132BC82A8000D3B104 /* ProductCellPresenter.swift */,
				C23F06172BC82B5800D3B104 /* ProductCellRouter.swift */,
				C23F06152BC82A8D00D3B104 /* ProductCellBuilder.swift */,
			);
			path = "Product Cell";
			sourceTree = "<group>";
		};
		C2351BEF2BC59CCF0080CED9 = {
			isa = PBXGroup;
			children = (
				C2351C332BC5A1420080CED9 /* GetirSDK */,
				C2351C322BC59FF70080CED9 /* SwiftAsyncNetworking */,
				C2351BFA2BC59CCF0080CED9 /* GetirFinalProject */,
				C2351C142BC59CD10080CED9 /* GetirFinalProjectTests */,
				C2351C1E2BC59CD10080CED9 /* GetirFinalProjectUITests */,
				C2351BF92BC59CCF0080CED9 /* Products */,
				C2351C3C2BC5C5CF0080CED9 /* Frameworks */,
			);
			sourceTree = "<group>";
		};
		C2351BF92BC59CCF0080CED9 /* Products */ = {
			isa = PBXGroup;
			children = (
				C2351BF82BC59CCF0080CED9 /* GetirFinalProject.app */,
				C2351C112BC59CD10080CED9 /* GetirFinalProjectTests.xctest */,
				C2351C1B2BC59CD10080CED9 /* GetirFinalProjectUITests.xctest */,
			);
			name = Products;
			sourceTree = "<group>";
		};
		C2351BFA2BC59CCF0080CED9 /* GetirFinalProject */ = {
			isa = PBXGroup;
			children = (
				C2351C2E2BC59D750080CED9 /* App */,
				C2351C3F2BC5C9700080CED9 /* Entity */,
				C2351C402BC5CEA90080CED9 /* Modules */,
				C2351C2F2BC59D800080CED9 /* Recources */,
				C2351C302BC59D840080CED9 /* Supportings */,
			);
			path = GetirFinalProject;
			sourceTree = "<group>";
		};
		C2351C142BC59CD10080CED9 /* GetirFinalProjectTests */ = {
			isa = PBXGroup;
			children = (
				C2351C152BC59CD10080CED9 /* GetirFinalProjectTests.swift */,
			);
			path = GetirFinalProjectTests;
			sourceTree = "<group>";
		};
		C2351C1E2BC59CD10080CED9 /* GetirFinalProjectUITests */ = {
			isa = PBXGroup;
			children = (
				C2351C1F2BC59CD10080CED9 /* GetirFinalProjectUITests.swift */,
				C2351C212BC59CD10080CED9 /* GetirFinalProjectUITestsLaunchTests.swift */,
			);
			path = GetirFinalProjectUITests;
			sourceTree = "<group>";
		};
		C2351C2E2BC59D750080CED9 /* App */ = {
			isa = PBXGroup;
			children = (
				C2351BFB2BC59CCF0080CED9 /* AppDelegate.swift */,
				C2351BFD2BC59CCF0080CED9 /* SceneDelegate.swift */,
			);
			path = App;
			sourceTree = "<group>";
		};
		C2351C2F2BC59D800080CED9 /* Recources */ = {
			isa = PBXGroup;
			children = (
				C2351C072BC59CD10080CED9 /* Assets.xcassets */,
				C2351C092BC59CD10080CED9 /* LaunchScreen.storyboard */,
			);
			path = Recources;
			sourceTree = "<group>";
		};
		C2351C302BC59D840080CED9 /* Supportings */ = {
			isa = PBXGroup;
			children = (
				C2351C312BC59D880080CED9 /* Extensions */,
				C2351C0C2BC59CD10080CED9 /* Info.plist */,
				C2351C042BC59CCF0080CED9 /* GetirFinalProject.xcdatamodeld */,
			);
			path = Supportings;
			sourceTree = "<group>";
		};
		C2351C312BC59D880080CED9 /* Extensions */ = {
			isa = PBXGroup;
			children = (
				C2351C4E2BC5D7370080CED9 /* UIView+Ext.swift */,
				C2351C502BC5DABA0080CED9 /* UIColor+Ext.swift */,
			);
			path = Extensions;
			sourceTree = "<group>";
		};
		C2351C3C2BC5C5CF0080CED9 /* Frameworks */ = {
			isa = PBXGroup;
			children = (
			);
			name = Frameworks;
			sourceTree = "<group>";
		};
		C2351C3F2BC5C9700080CED9 /* Entity */ = {
			isa = PBXGroup;
			children = (
				C2351C352BC5A9190080CED9 /* ProductList.swift */,
				C2351C372BC5C1720080CED9 /* SuggestedProductList.swift */,
				C22A0DBF2BC705AB00C8F067 /* Product.swift */,
			);
			path = Entity;
			sourceTree = "<group>";
		};
		C2351C402BC5CEA90080CED9 /* Modules */ = {
			isa = PBXGroup;
			children = (
				C22A0DB02BC6B86C00C8F067 /* Product Cell */,
				C2351C452BC5D4C00080CED9 /* Quantity Control */,
				C22A0DAC2BC6A85A00C8F067 /* Screens */,
			);
			path = Modules;
			sourceTree = "<group>";
		};
		C2351C452BC5D4C00080CED9 /* Quantity Control */ = {
			isa = PBXGroup;
			children = (
				C2351C4C2BC5D64B0080CED9 /* QuantityControlView.swift */,
				C2154B682BC5F89700583CCC /* QuantityControlPresenter.swift */,
				C2154B6A2BC6011500583CCC /* QuantityControlInteractor.swift */,
				C23F06192BC83FC400D3B104 /* QuantityControlRouter.swift */,
				C23F061B2BC83FCE00D3B104 /* QuantityControlBuilder.swift */,
			);
			path = "Quantity Control";
			sourceTree = "<group>";
		};
		C23F06212BCC64B800D3B104 /* Product Detail */ = {
			isa = PBXGroup;
			children = (
				C23F06222BCC64E000D3B104 /* ProductDetailViewController.swift */,
				C23F06242BCC7F1800D3B104 /* ProductDetailPresenter.swift */,
				C23F06262BCC7F2100D3B104 /* ProductDetailInteractor.swift */,
				C23F062A2BCC7FF300D3B104 /* ProductDetailRouter.swift */,
				C23F06282BCC7F3200D3B104 /* ProductDetailBuilder.swift */,
			);
			path = "Product Detail";
			sourceTree = "<group>";
		};
/* End PBXGroup section */

/* Begin PBXNativeTarget section */
		C2351BF72BC59CCF0080CED9 /* GetirFinalProject */ = {
			isa = PBXNativeTarget;
			buildConfigurationList = C2351C252BC59CD10080CED9 /* Build configuration list for PBXNativeTarget "GetirFinalProject" */;
			buildPhases = (
				C2351BF42BC59CCF0080CED9 /* Sources */,
				C2351BF52BC59CCF0080CED9 /* Frameworks */,
				C2351BF62BC59CCF0080CED9 /* Resources */,
			);
			buildRules = (
			);
			dependencies = (
			);
			name = GetirFinalProject;
			packageProductDependencies = (
				C2351C3A2BC5C5A80080CED9 /* GetirSDK */,
				C2351C432BC5D1290080CED9 /* SwiftAsyncNetworking */,
				C23F061F2BCC05D100D3B104 /* Kingfisher */,
			);
			productName = GetirFinalProject;
			productReference = C2351BF82BC59CCF0080CED9 /* GetirFinalProject.app */;
			productType = "com.apple.product-type.application";
		};
		C2351C102BC59CD10080CED9 /* GetirFinalProjectTests */ = {
			isa = PBXNativeTarget;
			buildConfigurationList = C2351C282BC59CD10080CED9 /* Build configuration list for PBXNativeTarget "GetirFinalProjectTests" */;
			buildPhases = (
				C2351C0D2BC59CD10080CED9 /* Sources */,
				C2351C0E2BC59CD10080CED9 /* Frameworks */,
				C2351C0F2BC59CD10080CED9 /* Resources */,
			);
			buildRules = (
			);
			dependencies = (
				C2351C132BC59CD10080CED9 /* PBXTargetDependency */,
			);
			name = GetirFinalProjectTests;
			productName = GetirFinalProjectTests;
			productReference = C2351C112BC59CD10080CED9 /* GetirFinalProjectTests.xctest */;
			productType = "com.apple.product-type.bundle.unit-test";
		};
		C2351C1A2BC59CD10080CED9 /* GetirFinalProjectUITests */ = {
			isa = PBXNativeTarget;
			buildConfigurationList = C2351C2B2BC59CD10080CED9 /* Build configuration list for PBXNativeTarget "GetirFinalProjectUITests" */;
			buildPhases = (
				C2351C172BC59CD10080CED9 /* Sources */,
				C2351C182BC59CD10080CED9 /* Frameworks */,
				C2351C192BC59CD10080CED9 /* Resources */,
			);
			buildRules = (
			);
			dependencies = (
				C2351C1D2BC59CD10080CED9 /* PBXTargetDependency */,
			);
			name = GetirFinalProjectUITests;
			productName = GetirFinalProjectUITests;
			productReference = C2351C1B2BC59CD10080CED9 /* GetirFinalProjectUITests.xctest */;
			productType = "com.apple.product-type.bundle.ui-testing";
		};
/* End PBXNativeTarget section */

/* Begin PBXProject section */
		C2351BF02BC59CCF0080CED9 /* Project object */ = {
			isa = PBXProject;
			attributes = {
				BuildIndependentTargetsInParallel = 1;
				LastSwiftUpdateCheck = 1530;
				LastUpgradeCheck = 1530;
				TargetAttributes = {
					C2351BF72BC59CCF0080CED9 = {
						CreatedOnToolsVersion = 15.3;
					};
					C2351C102BC59CD10080CED9 = {
						CreatedOnToolsVersion = 15.3;
						TestTargetID = C2351BF72BC59CCF0080CED9;
					};
					C2351C1A2BC59CD10080CED9 = {
						CreatedOnToolsVersion = 15.3;
						TestTargetID = C2351BF72BC59CCF0080CED9;
					};
				};
			};
			buildConfigurationList = C2351BF32BC59CCF0080CED9 /* Build configuration list for PBXProject "GetirFinalProject" */;
			compatibilityVersion = "Xcode 14.0";
			developmentRegion = en;
			hasScannedForEncodings = 0;
			knownRegions = (
				en,
				Base,
			);
			mainGroup = C2351BEF2BC59CCF0080CED9;
			packageReferences = (
				C2351C392BC5C5A80080CED9 /* XCLocalSwiftPackageReference "GetirSDK" */,
				C22A0DC12BC7066A00C8F067 /* XCRemoteSwiftPackageReference "Kingfisher" */,
			);
			productRefGroup = C2351BF92BC59CCF0080CED9 /* Products */;
			projectDirPath = "";
			projectRoot = "";
			targets = (
				C2351BF72BC59CCF0080CED9 /* GetirFinalProject */,
				C2351C102BC59CD10080CED9 /* GetirFinalProjectTests */,
				C2351C1A2BC59CD10080CED9 /* GetirFinalProjectUITests */,
			);
		};
/* End PBXProject section */

/* Begin PBXResourcesBuildPhase section */
		C2351BF62BC59CCF0080CED9 /* Resources */ = {
			isa = PBXResourcesBuildPhase;
			buildActionMask = 2147483647;
			files = (
				C2351C082BC59CD10080CED9 /* Assets.xcassets in Resources */,
				C2351C0B2BC59CD10080CED9 /* Base in Resources */,
			);
			runOnlyForDeploymentPostprocessing = 0;
		};
		C2351C0F2BC59CD10080CED9 /* Resources */ = {
			isa = PBXResourcesBuildPhase;
			buildActionMask = 2147483647;
			files = (
			);
			runOnlyForDeploymentPostprocessing = 0;
		};
		C2351C192BC59CD10080CED9 /* Resources */ = {
			isa = PBXResourcesBuildPhase;
			buildActionMask = 2147483647;
			files = (
			);
			runOnlyForDeploymentPostprocessing = 0;
		};
/* End PBXResourcesBuildPhase section */

/* Begin PBXSourcesBuildPhase section */
		C2351BF42BC59CCF0080CED9 /* Sources */ = {
			isa = PBXSourcesBuildPhase;
			buildActionMask = 2147483647;
			files = (
				C2351BFC2BC59CCF0080CED9 /* AppDelegate.swift in Sources */,
				C22A0DBE2BC6FAE800C8F067 /* ListingRouter.swift in Sources */,
				C2351C362BC5A9190080CED9 /* ProductList.swift in Sources */,
				C2351C4F2BC5D7370080CED9 /* UIView+Ext.swift in Sources */,
				C2154B692BC5F89700583CCC /* QuantityControlPresenter.swift in Sources */,
				C2351C062BC59CCF0080CED9 /* GetirFinalProject.xcdatamodeld in Sources */,
				C23F06142BC82A8000D3B104 /* ProductCellPresenter.swift in Sources */,
				C2351C4D2BC5D64B0080CED9 /* QuantityControlView.swift in Sources */,
				C22A0DB42BC6C34200C8F067 /* ListingViewController.swift in Sources */,
				C22A0DB62BC6ECBD00C8F067 /* ListingPresenter.swift in Sources */,
				C23F061C2BC83FCE00D3B104 /* QuantityControlBuilder.swift in Sources */,
				C23F062B2BCC7FF300D3B104 /* ProductDetailRouter.swift in Sources */,
				C2351C512BC5DABA0080CED9 /* UIColor+Ext.swift in Sources */,
				C2351BFE2BC59CCF0080CED9 /* SceneDelegate.swift in Sources */,
				C22A0DC02BC705AB00C8F067 /* Product.swift in Sources */,
				C23F06272BCC7F2100D3B104 /* ProductDetailInteractor.swift in Sources */,
				C2351C382BC5C1720080CED9 /* SuggestedProductList.swift in Sources */,
				C22A0DB22BC6B88E00C8F067 /* ProductCell.swift in Sources */,
				C23F06232BCC64E000D3B104 /* ProductDetailViewController.swift in Sources */,
				C23F06182BC82B5800D3B104 /* ProductCellRouter.swift in Sources */,
				C23F061A2BC83FC400D3B104 /* QuantityControlRouter.swift in Sources */,
				C23F06252BCC7F1800D3B104 /* ProductDetailPresenter.swift in Sources */,
				C22A0DB82BC6EF2900C8F067 /* ListingInteractor.swift in Sources */,
				C2154B6B2BC6011500583CCC /* QuantityControlInteractor.swift in Sources */,
				C22A0DBC2BC6FA1F00C8F067 /* ListingBuilder.swift in Sources */,
				C23F06292BCC7F3200D3B104 /* ProductDetailBuilder.swift in Sources */,
				C23F06162BC82A8D00D3B104 /* ProductCellBuilder.swift in Sources */,
			);
			runOnlyForDeploymentPostprocessing = 0;
		};
		C2351C0D2BC59CD10080CED9 /* Sources */ = {
			isa = PBXSourcesBuildPhase;
			buildActionMask = 2147483647;
			files = (
				C2351C162BC59CD10080CED9 /* GetirFinalProjectTests.swift in Sources */,
			);
			runOnlyForDeploymentPostprocessing = 0;
		};
		C2351C172BC59CD10080CED9 /* Sources */ = {
			isa = PBXSourcesBuildPhase;
			buildActionMask = 2147483647;
			files = (
				C2351C202BC59CD10080CED9 /* GetirFinalProjectUITests.swift in Sources */,
				C2351C222BC59CD10080CED9 /* GetirFinalProjectUITestsLaunchTests.swift in Sources */,
			);
			runOnlyForDeploymentPostprocessing = 0;
		};
/* End PBXSourcesBuildPhase section */

/* Begin PBXTargetDependency section */
		C2351C132BC59CD10080CED9 /* PBXTargetDependency */ = {
			isa = PBXTargetDependency;
			target = C2351BF72BC59CCF0080CED9 /* GetirFinalProject */;
			targetProxy = C2351C122BC59CD10080CED9 /* PBXContainerItemProxy */;
		};
		C2351C1D2BC59CD10080CED9 /* PBXTargetDependency */ = {
			isa = PBXTargetDependency;
			target = C2351BF72BC59CCF0080CED9 /* GetirFinalProject */;
			targetProxy = C2351C1C2BC59CD10080CED9 /* PBXContainerItemProxy */;
		};
/* End PBXTargetDependency section */

/* Begin PBXVariantGroup section */
		C2351C092BC59CD10080CED9 /* LaunchScreen.storyboard */ = {
			isa = PBXVariantGroup;
			children = (
				C2351C0A2BC59CD10080CED9 /* Base */,
			);
			name = LaunchScreen.storyboard;
			sourceTree = "<group>";
		};
/* End PBXVariantGroup section */

/* Begin XCBuildConfiguration section */
		C2351C232BC59CD10080CED9 /* Debug */ = {
			isa = XCBuildConfiguration;
			buildSettings = {
				ALWAYS_SEARCH_USER_PATHS = NO;
				ASSETCATALOG_COMPILER_GENERATE_SWIFT_ASSET_SYMBOL_EXTENSIONS = YES;
				CLANG_ANALYZER_NONNULL = YES;
				CLANG_ANALYZER_NUMBER_OBJECT_CONVERSION = YES_AGGRESSIVE;
				CLANG_CXX_LANGUAGE_STANDARD = "gnu++20";
				CLANG_ENABLE_MODULES = YES;
				CLANG_ENABLE_OBJC_ARC = YES;
				CLANG_ENABLE_OBJC_WEAK = YES;
				CLANG_WARN_BLOCK_CAPTURE_AUTORELEASING = YES;
				CLANG_WARN_BOOL_CONVERSION = YES;
				CLANG_WARN_COMMA = YES;
				CLANG_WARN_CONSTANT_CONVERSION = YES;
				CLANG_WARN_DEPRECATED_OBJC_IMPLEMENTATIONS = YES;
				CLANG_WARN_DIRECT_OBJC_ISA_USAGE = YES_ERROR;
				CLANG_WARN_DOCUMENTATION_COMMENTS = YES;
				CLANG_WARN_EMPTY_BODY = YES;
				CLANG_WARN_ENUM_CONVERSION = YES;
				CLANG_WARN_INFINITE_RECURSION = YES;
				CLANG_WARN_INT_CONVERSION = YES;
				CLANG_WARN_NON_LITERAL_NULL_CONVERSION = YES;
				CLANG_WARN_OBJC_IMPLICIT_RETAIN_SELF = YES;
				CLANG_WARN_OBJC_LITERAL_CONVERSION = YES;
				CLANG_WARN_OBJC_ROOT_CLASS = YES_ERROR;
				CLANG_WARN_QUOTED_INCLUDE_IN_FRAMEWORK_HEADER = YES;
				CLANG_WARN_RANGE_LOOP_ANALYSIS = YES;
				CLANG_WARN_STRICT_PROTOTYPES = YES;
				CLANG_WARN_SUSPICIOUS_MOVE = YES;
				CLANG_WARN_UNGUARDED_AVAILABILITY = YES_AGGRESSIVE;
				CLANG_WARN_UNREACHABLE_CODE = YES;
				CLANG_WARN__DUPLICATE_METHOD_MATCH = YES;
				COPY_PHASE_STRIP = NO;
				DEBUG_INFORMATION_FORMAT = dwarf;
				ENABLE_STRICT_OBJC_MSGSEND = YES;
				ENABLE_TESTABILITY = YES;
				ENABLE_USER_SCRIPT_SANDBOXING = YES;
				GCC_C_LANGUAGE_STANDARD = gnu17;
				GCC_DYNAMIC_NO_PIC = NO;
				GCC_NO_COMMON_BLOCKS = YES;
				GCC_OPTIMIZATION_LEVEL = 0;
				GCC_PREPROCESSOR_DEFINITIONS = (
					"DEBUG=1",
					"$(inherited)",
				);
				GCC_WARN_64_TO_32_BIT_CONVERSION = YES;
				GCC_WARN_ABOUT_RETURN_TYPE = YES_ERROR;
				GCC_WARN_UNDECLARED_SELECTOR = YES;
				GCC_WARN_UNINITIALIZED_AUTOS = YES_AGGRESSIVE;
				GCC_WARN_UNUSED_FUNCTION = YES;
				GCC_WARN_UNUSED_VARIABLE = YES;
				IPHONEOS_DEPLOYMENT_TARGET = 17.4;
				LOCALIZATION_PREFERS_STRING_CATALOGS = YES;
				MTL_ENABLE_DEBUG_INFO = INCLUDE_SOURCE;
				MTL_FAST_MATH = YES;
				ONLY_ACTIVE_ARCH = YES;
				SDKROOT = iphoneos;
				SWIFT_ACTIVE_COMPILATION_CONDITIONS = "DEBUG $(inherited)";
				SWIFT_OPTIMIZATION_LEVEL = "-Onone";
			};
			name = Debug;
		};
		C2351C242BC59CD10080CED9 /* Release */ = {
			isa = XCBuildConfiguration;
			buildSettings = {
				ALWAYS_SEARCH_USER_PATHS = NO;
				ASSETCATALOG_COMPILER_GENERATE_SWIFT_ASSET_SYMBOL_EXTENSIONS = YES;
				CLANG_ANALYZER_NONNULL = YES;
				CLANG_ANALYZER_NUMBER_OBJECT_CONVERSION = YES_AGGRESSIVE;
				CLANG_CXX_LANGUAGE_STANDARD = "gnu++20";
				CLANG_ENABLE_MODULES = YES;
				CLANG_ENABLE_OBJC_ARC = YES;
				CLANG_ENABLE_OBJC_WEAK = YES;
				CLANG_WARN_BLOCK_CAPTURE_AUTORELEASING = YES;
				CLANG_WARN_BOOL_CONVERSION = YES;
				CLANG_WARN_COMMA = YES;
				CLANG_WARN_CONSTANT_CONVERSION = YES;
				CLANG_WARN_DEPRECATED_OBJC_IMPLEMENTATIONS = YES;
				CLANG_WARN_DIRECT_OBJC_ISA_USAGE = YES_ERROR;
				CLANG_WARN_DOCUMENTATION_COMMENTS = YES;
				CLANG_WARN_EMPTY_BODY = YES;
				CLANG_WARN_ENUM_CONVERSION = YES;
				CLANG_WARN_INFINITE_RECURSION = YES;
				CLANG_WARN_INT_CONVERSION = YES;
				CLANG_WARN_NON_LITERAL_NULL_CONVERSION = YES;
				CLANG_WARN_OBJC_IMPLICIT_RETAIN_SELF = YES;
				CLANG_WARN_OBJC_LITERAL_CONVERSION = YES;
				CLANG_WARN_OBJC_ROOT_CLASS = YES_ERROR;
				CLANG_WARN_QUOTED_INCLUDE_IN_FRAMEWORK_HEADER = YES;
				CLANG_WARN_RANGE_LOOP_ANALYSIS = YES;
				CLANG_WARN_STRICT_PROTOTYPES = YES;
				CLANG_WARN_SUSPICIOUS_MOVE = YES;
				CLANG_WARN_UNGUARDED_AVAILABILITY = YES_AGGRESSIVE;
				CLANG_WARN_UNREACHABLE_CODE = YES;
				CLANG_WARN__DUPLICATE_METHOD_MATCH = YES;
				COPY_PHASE_STRIP = NO;
				DEBUG_INFORMATION_FORMAT = "dwarf-with-dsym";
				ENABLE_NS_ASSERTIONS = NO;
				ENABLE_STRICT_OBJC_MSGSEND = YES;
				ENABLE_USER_SCRIPT_SANDBOXING = YES;
				GCC_C_LANGUAGE_STANDARD = gnu17;
				GCC_NO_COMMON_BLOCKS = YES;
				GCC_WARN_64_TO_32_BIT_CONVERSION = YES;
				GCC_WARN_ABOUT_RETURN_TYPE = YES_ERROR;
				GCC_WARN_UNDECLARED_SELECTOR = YES;
				GCC_WARN_UNINITIALIZED_AUTOS = YES_AGGRESSIVE;
				GCC_WARN_UNUSED_FUNCTION = YES;
				GCC_WARN_UNUSED_VARIABLE = YES;
				IPHONEOS_DEPLOYMENT_TARGET = 17.4;
				LOCALIZATION_PREFERS_STRING_CATALOGS = YES;
				MTL_ENABLE_DEBUG_INFO = NO;
				MTL_FAST_MATH = YES;
				SDKROOT = iphoneos;
				SWIFT_COMPILATION_MODE = wholemodule;
				VALIDATE_PRODUCT = YES;
			};
			name = Release;
		};
		C2351C262BC59CD10080CED9 /* Debug */ = {
			isa = XCBuildConfiguration;
			buildSettings = {
				ASSETCATALOG_COMPILER_APPICON_NAME = AppIcon;
				ASSETCATALOG_COMPILER_GLOBAL_ACCENT_COLOR_NAME = AccentColor;
				CODE_SIGN_STYLE = Automatic;
				CURRENT_PROJECT_VERSION = 1;
				DEVELOPMENT_TEAM = 6Y92LH56N8;
				GENERATE_INFOPLIST_FILE = YES;
				INFOPLIST_FILE = GetirFinalProject/Supportings/Info.plist;
				INFOPLIST_KEY_UIApplicationSupportsIndirectInputEvents = YES;
				INFOPLIST_KEY_UILaunchStoryboardName = LaunchScreen;
				INFOPLIST_KEY_UIMainStoryboardFile = "";
				INFOPLIST_KEY_UISupportedInterfaceOrientations_iPad = "UIInterfaceOrientationPortrait UIInterfaceOrientationPortraitUpsideDown UIInterfaceOrientationLandscapeLeft UIInterfaceOrientationLandscapeRight";
				INFOPLIST_KEY_UISupportedInterfaceOrientations_iPhone = "UIInterfaceOrientationPortrait UIInterfaceOrientationLandscapeLeft UIInterfaceOrientationLandscapeRight";
				LD_RUNPATH_SEARCH_PATHS = (
					"$(inherited)",
					"@executable_path/Frameworks",
				);
				MARKETING_VERSION = 1.0;
				PRODUCT_BUNDLE_IDENTIFIER = com.alphanogn.GetirFinalProject;
				PRODUCT_NAME = "$(TARGET_NAME)";
				SWIFT_EMIT_LOC_STRINGS = YES;
				SWIFT_VERSION = 5.0;
				TARGETED_DEVICE_FAMILY = "1,2";
			};
			name = Debug;
		};
		C2351C272BC59CD10080CED9 /* Release */ = {
			isa = XCBuildConfiguration;
			buildSettings = {
				ASSETCATALOG_COMPILER_APPICON_NAME = AppIcon;
				ASSETCATALOG_COMPILER_GLOBAL_ACCENT_COLOR_NAME = AccentColor;
				CODE_SIGN_STYLE = Automatic;
				CURRENT_PROJECT_VERSION = 1;
				DEVELOPMENT_TEAM = 6Y92LH56N8;
				GENERATE_INFOPLIST_FILE = YES;
				INFOPLIST_FILE = GetirFinalProject/Supportings/Info.plist;
				INFOPLIST_KEY_UIApplicationSupportsIndirectInputEvents = YES;
				INFOPLIST_KEY_UILaunchStoryboardName = LaunchScreen;
				INFOPLIST_KEY_UIMainStoryboardFile = "";
				INFOPLIST_KEY_UISupportedInterfaceOrientations_iPad = "UIInterfaceOrientationPortrait UIInterfaceOrientationPortraitUpsideDown UIInterfaceOrientationLandscapeLeft UIInterfaceOrientationLandscapeRight";
				INFOPLIST_KEY_UISupportedInterfaceOrientations_iPhone = "UIInterfaceOrientationPortrait UIInterfaceOrientationLandscapeLeft UIInterfaceOrientationLandscapeRight";
				LD_RUNPATH_SEARCH_PATHS = (
					"$(inherited)",
					"@executable_path/Frameworks",
				);
				MARKETING_VERSION = 1.0;
				PRODUCT_BUNDLE_IDENTIFIER = com.alphanogn.GetirFinalProject;
				PRODUCT_NAME = "$(TARGET_NAME)";
				SWIFT_EMIT_LOC_STRINGS = YES;
				SWIFT_VERSION = 5.0;
				TARGETED_DEVICE_FAMILY = "1,2";
			};
			name = Release;
		};
		C2351C292BC59CD10080CED9 /* Debug */ = {
			isa = XCBuildConfiguration;
			buildSettings = {
				ALWAYS_EMBED_SWIFT_STANDARD_LIBRARIES = YES;
				BUNDLE_LOADER = "$(TEST_HOST)";
				CODE_SIGN_STYLE = Automatic;
				CURRENT_PROJECT_VERSION = 1;
				DEVELOPMENT_TEAM = 6Y92LH56N8;
				GENERATE_INFOPLIST_FILE = YES;
				IPHONEOS_DEPLOYMENT_TARGET = 17.4;
				MARKETING_VERSION = 1.0;
				PRODUCT_BUNDLE_IDENTIFIER = com.alphanogn.GetirFinalProjectTests;
				PRODUCT_NAME = "$(TARGET_NAME)";
				SWIFT_EMIT_LOC_STRINGS = NO;
				SWIFT_VERSION = 5.0;
				TARGETED_DEVICE_FAMILY = "1,2";
				TEST_HOST = "$(BUILT_PRODUCTS_DIR)/GetirFinalProject.app/$(BUNDLE_EXECUTABLE_FOLDER_PATH)/GetirFinalProject";
			};
			name = Debug;
		};
		C2351C2A2BC59CD10080CED9 /* Release */ = {
			isa = XCBuildConfiguration;
			buildSettings = {
				ALWAYS_EMBED_SWIFT_STANDARD_LIBRARIES = YES;
				BUNDLE_LOADER = "$(TEST_HOST)";
				CODE_SIGN_STYLE = Automatic;
				CURRENT_PROJECT_VERSION = 1;
				DEVELOPMENT_TEAM = 6Y92LH56N8;
				GENERATE_INFOPLIST_FILE = YES;
				IPHONEOS_DEPLOYMENT_TARGET = 17.4;
				MARKETING_VERSION = 1.0;
				PRODUCT_BUNDLE_IDENTIFIER = com.alphanogn.GetirFinalProjectTests;
				PRODUCT_NAME = "$(TARGET_NAME)";
				SWIFT_EMIT_LOC_STRINGS = NO;
				SWIFT_VERSION = 5.0;
				TARGETED_DEVICE_FAMILY = "1,2";
				TEST_HOST = "$(BUILT_PRODUCTS_DIR)/GetirFinalProject.app/$(BUNDLE_EXECUTABLE_FOLDER_PATH)/GetirFinalProject";
			};
			name = Release;
		};
		C2351C2C2BC59CD10080CED9 /* Debug */ = {
			isa = XCBuildConfiguration;
			buildSettings = {
				ALWAYS_EMBED_SWIFT_STANDARD_LIBRARIES = YES;
				CODE_SIGN_STYLE = Automatic;
				CURRENT_PROJECT_VERSION = 1;
				DEVELOPMENT_TEAM = 6Y92LH56N8;
				GENERATE_INFOPLIST_FILE = YES;
				MARKETING_VERSION = 1.0;
				PRODUCT_BUNDLE_IDENTIFIER = com.alphanogn.GetirFinalProjectUITests;
				PRODUCT_NAME = "$(TARGET_NAME)";
				SWIFT_EMIT_LOC_STRINGS = NO;
				SWIFT_VERSION = 5.0;
				TARGETED_DEVICE_FAMILY = "1,2";
				TEST_TARGET_NAME = GetirFinalProject;
			};
			name = Debug;
		};
		C2351C2D2BC59CD10080CED9 /* Release */ = {
			isa = XCBuildConfiguration;
			buildSettings = {
				ALWAYS_EMBED_SWIFT_STANDARD_LIBRARIES = YES;
				CODE_SIGN_STYLE = Automatic;
				CURRENT_PROJECT_VERSION = 1;
				DEVELOPMENT_TEAM = 6Y92LH56N8;
				GENERATE_INFOPLIST_FILE = YES;
				MARKETING_VERSION = 1.0;
				PRODUCT_BUNDLE_IDENTIFIER = com.alphanogn.GetirFinalProjectUITests;
				PRODUCT_NAME = "$(TARGET_NAME)";
				SWIFT_EMIT_LOC_STRINGS = NO;
				SWIFT_VERSION = 5.0;
				TARGETED_DEVICE_FAMILY = "1,2";
				TEST_TARGET_NAME = GetirFinalProject;
			};
			name = Release;
		};
/* End XCBuildConfiguration section */

/* Begin XCConfigurationList section */
		C2351BF32BC59CCF0080CED9 /* Build configuration list for PBXProject "GetirFinalProject" */ = {
			isa = XCConfigurationList;
			buildConfigurations = (
				C2351C232BC59CD10080CED9 /* Debug */,
				C2351C242BC59CD10080CED9 /* Release */,
			);
			defaultConfigurationIsVisible = 0;
			defaultConfigurationName = Release;
		};
		C2351C252BC59CD10080CED9 /* Build configuration list for PBXNativeTarget "GetirFinalProject" */ = {
			isa = XCConfigurationList;
			buildConfigurations = (
				C2351C262BC59CD10080CED9 /* Debug */,
				C2351C272BC59CD10080CED9 /* Release */,
			);
			defaultConfigurationIsVisible = 0;
			defaultConfigurationName = Release;
		};
		C2351C282BC59CD10080CED9 /* Build configuration list for PBXNativeTarget "GetirFinalProjectTests" */ = {
			isa = XCConfigurationList;
			buildConfigurations = (
				C2351C292BC59CD10080CED9 /* Debug */,
				C2351C2A2BC59CD10080CED9 /* Release */,
			);
			defaultConfigurationIsVisible = 0;
			defaultConfigurationName = Release;
		};
		C2351C2B2BC59CD10080CED9 /* Build configuration list for PBXNativeTarget "GetirFinalProjectUITests" */ = {
			isa = XCConfigurationList;
			buildConfigurations = (
				C2351C2C2BC59CD10080CED9 /* Debug */,
				C2351C2D2BC59CD10080CED9 /* Release */,
			);
			defaultConfigurationIsVisible = 0;
			defaultConfigurationName = Release;
		};
/* End XCConfigurationList section */

/* Begin XCLocalSwiftPackageReference section */
		C2351C392BC5C5A80080CED9 /* XCLocalSwiftPackageReference "GetirSDK" */ = {
			isa = XCLocalSwiftPackageReference;
			relativePath = GetirSDK;
		};
/* End XCLocalSwiftPackageReference section */

/* Begin XCRemoteSwiftPackageReference section */
		C22A0DC12BC7066A00C8F067 /* XCRemoteSwiftPackageReference "Kingfisher" */ = {
			isa = XCRemoteSwiftPackageReference;
			repositoryURL = "https://github.com/onevcat/Kingfisher.git";
			requirement = {
				kind = upToNextMajorVersion;
				minimumVersion = 7.11.0;
			};
		};
/* End XCRemoteSwiftPackageReference section */

/* Begin XCSwiftPackageProductDependency section */
		C2351C3A2BC5C5A80080CED9 /* GetirSDK */ = {
			isa = XCSwiftPackageProductDependency;
			productName = GetirSDK;
		};
		C2351C432BC5D1290080CED9 /* SwiftAsyncNetworking */ = {
			isa = XCSwiftPackageProductDependency;
			productName = SwiftAsyncNetworking;
		};
		C23F061F2BCC05D100D3B104 /* Kingfisher */ = {
			isa = XCSwiftPackageProductDependency;
			package = C22A0DC12BC7066A00C8F067 /* XCRemoteSwiftPackageReference "Kingfisher" */;
			productName = Kingfisher;
		};
/* End XCSwiftPackageProductDependency section */

/* Begin XCVersionGroup section */
		C2351C042BC59CCF0080CED9 /* GetirFinalProject.xcdatamodeld */ = {
			isa = XCVersionGroup;
			children = (
				C2351C052BC59CCF0080CED9 /* GetirFinalProject.xcdatamodel */,
			);
			currentVersion = C2351C052BC59CCF0080CED9 /* GetirFinalProject.xcdatamodel */;
			path = GetirFinalProject.xcdatamodeld;
			sourceTree = "<group>";
			versionGroupType = wrapper.xcdatamodel;
		};
/* End XCVersionGroup section */
	};
	rootObject = C2351BF02BC59CCF0080CED9 /* Project object */;
}
